{
  "name": "graphql-codegen-typescript-operations-tester",
  "version": "0.0.0",
  "lockfileVersion": 1,
  "requires": true,
  "dependencies": {
    "@ardatan/aggregate-error": {
      "version": "0.0.6",
      "resolved": "https://registry.npmjs.org/@ardatan/aggregate-error/-/aggregate-error-0.0.6.tgz",
      "integrity": "sha512-vyrkEHG1jrukmzTPtyWB4NLPauUw5bQeg4uhn8f+1SSynmrOcyvlb1GKQjjgoBzElLdfXCRYX8UnBlhklOHYRQ==",
      "requires": {
        "tslib": "~2.0.1"
      }
    },
    "@graphql-codegen/plugin-helpers": {
      "version": "1.18.2",
      "resolved": "https://registry.npmjs.org/@graphql-codegen/plugin-helpers/-/plugin-helpers-1.18.2.tgz",
      "integrity": "sha512-SvX+Ryq2naLcoD6jJNxtzc/moWTgHJ+X0KRfvhGWTa+xtFTS02i+PWOR89YYPcD8+LF6GmyFBjx2FmLCx4JwMg==",
      "requires": {
        "@graphql-tools/utils": "^6",
        "camel-case": "4.1.1",
        "common-tags": "1.8.0",
        "constant-case": "3.0.3",
        "import-from": "3.0.0",
        "lodash": "~4.17.20",
        "lower-case": "2.0.1",
        "param-case": "3.0.3",
        "pascal-case": "3.1.1",
        "tslib": "~2.0.1",
        "upper-case": "2.0.1"
      }
    },
    "@graphql-tools/utils": {
      "version": "6.2.4",
      "resolved": "https://registry.npmjs.org/@graphql-tools/utils/-/utils-6.2.4.tgz",
      "integrity": "sha512-ybgZ9EIJE3JMOtTrTd2VcIpTXtDrn2q6eiYkeYMKRVh3K41+LZa6YnR2zKERTXqTWqhobROwLt4BZbw2O3Aeeg==",
      "requires": {
        "@ardatan/aggregate-error": "0.0.6",
        "camel-case": "4.1.1",
        "tslib": "~2.0.1"
      }
    },
    "camel-case": {
      "version": "4.1.1",
      "resolved": "https://registry.npmjs.org/camel-case/-/camel-case-4.1.1.tgz",
      "integrity": "sha512-7fa2WcG4fYFkclIvEmxBbTvmibwF2/agfEBc6q3lOpVu0A13ltLsA+Hr/8Hp6kp5f+G7hKi6t8lys6XxP+1K6Q==",
      "requires": {
        "pascal-case": "^3.1.1",
        "tslib": "^1.10.0"
      },
      "dependencies": {
        "tslib": {
          "version": "1.14.1",
          "resolved": "https://registry.npmjs.org/tslib/-/tslib-1.14.1.tgz",
          "integrity": "sha512-Xni35NKzjgMrwevysHTCArtLDpPvye8zV/0E4EyYn43P7/7qvQwPh9BGkHewbMulVntbigmcT7rdX3BNo9wRJg=="
        }
      }
    },
    "common-tags": {
      "version": "1.8.0",
      "resolved": "https://registry.npmjs.org/common-tags/-/common-tags-1.8.0.tgz",
      "integrity": "sha512-6P6g0uetGpW/sdyUy/iQQCbFF0kWVMSIVSyYz7Zgjcgh8mgw8PQzDNZeyZ5DQ2gM7LBoZPHmnjz8rUthkBG5tw=="
    },
    "constant-case": {
      "version": "3.0.3",
      "resolved": "https://registry.npmjs.org/constant-case/-/constant-case-3.0.3.tgz",
      "integrity": "sha512-FXtsSnnrFYpzDmvwDGQW+l8XK3GV1coLyBN0eBz16ZUzGaZcT2ANVCJmLeuw2GQgxKHQIe9e0w2dzkSfaRlUmA==",
      "requires": {
        "no-case": "^3.0.3",
        "tslib": "^1.10.0",
        "upper-case": "^2.0.1"
      },
      "dependencies": {
        "tslib": {
          "version": "1.14.1",
          "resolved": "https://registry.npmjs.org/tslib/-/tslib-1.14.1.tgz",
          "integrity": "sha512-Xni35NKzjgMrwevysHTCArtLDpPvye8zV/0E4EyYn43P7/7qvQwPh9BGkHewbMulVntbigmcT7rdX3BNo9wRJg=="
        }
      }
    },
    "dot-case": {
      "version": "3.0.4",
      "resolved": "https://registry.npmjs.org/dot-case/-/dot-case-3.0.4.tgz",
      "integrity": "sha512-Kv5nKlh6yRrdrGvxeJ2e5y2eRUpkUosIW4A2AS38zwSz27zu7ufDwQPi5Jhs3XAlGNetl3bmnGhQsMtkKJnj3w==",
      "requires": {
        "no-case": "^3.0.4",
        "tslib": "^2.0.3"
      }
    },
    "graphql": {
      "version": "15.5.0",
      "resolved": "https://registry.npmjs.org/graphql/-/graphql-15.5.0.tgz",
      "integrity": "sha512-OmaM7y0kaK31NKG31q4YbD2beNYa6jBBKtMFT6gLYJljHLJr42IqJ8KX08u3Li/0ifzTU5HjmoOOrwa5BRLeDA==",
      "dev": true
    },
    "import-from": {
      "version": "3.0.0",
      "resolved": "https://registry.npmjs.org/import-from/-/import-from-3.0.0.tgz",
      "integrity": "sha512-CiuXOFFSzkU5x/CR0+z7T91Iht4CXgfCxVOFRhh2Zyhg5wOpWvvDLQUsWl+gcN+QscYBjez8hDCt85O7RLDttQ==",
      "requires": {
        "resolve-from": "^5.0.0"
      }
    },
    "lodash": {
      "version": "4.17.20",
      "resolved": "https://registry.npmjs.org/lodash/-/lodash-4.17.20.tgz",
      "integrity": "sha512-PlhdFcillOINfeV7Ni6oF1TAEayyZBoZ8bcshTHqOYJYlrqzRK5hagpagky5o4HfCzzd1TRkXPMFq6cKk9rGmA=="
    },
    "lower-case": {
      "version": "2.0.1",
      "resolved": "https://registry.npmjs.org/lower-case/-/lower-case-2.0.1.tgz",
      "integrity": "sha512-LiWgfDLLb1dwbFQZsSglpRj+1ctGnayXz3Uv0/WO8n558JycT5fg6zkNcnW0G68Nn0aEldTFeEfmjCfmqry/rQ==",
      "requires": {
        "tslib": "^1.10.0"
      },
      "dependencies": {
        "tslib": {
          "version": "1.14.1",
          "resolved": "https://registry.npmjs.org/tslib/-/tslib-1.14.1.tgz",
          "integrity": "sha512-Xni35NKzjgMrwevysHTCArtLDpPvye8zV/0E4EyYn43P7/7qvQwPh9BGkHewbMulVntbigmcT7rdX3BNo9wRJg=="
        }
      }
    },
    "no-case": {
      "version": "3.0.4",
      "resolved": "https://registry.npmjs.org/no-case/-/no-case-3.0.4.tgz",
      "integrity": "sha512-fgAN3jGAh+RoxUGZHTSOLJIqUc2wmoBwGR4tbpNAKmmovFoWq0OdRkb0VkldReO2a2iBT/OEulG9XSUc10r3zg==",
      "requires": {
        "lower-case": "^2.0.2",
        "tslib": "^2.0.3"
      },
      "dependencies": {
        "lower-case": {
          "version": "2.0.2",
          "resolved": "https://registry.npmjs.org/lower-case/-/lower-case-2.0.2.tgz",
          "integrity": "sha512-7fm3l3NAF9WfN6W3JOmf5drwpVqX78JtoGJ3A6W0a6ZnldM41w2fV5D490psKFTpMds8TJse/eHLFFsNHHjHgg==",
          "requires": {
            "tslib": "^2.0.3"
          }
        }
      }
    },
    "param-case": {
      "version": "3.0.3",
      "resolved": "https://registry.npmjs.org/param-case/-/param-case-3.0.3.tgz",
      "integrity": "sha512-VWBVyimc1+QrzappRs7waeN2YmoZFCGXWASRYX1/rGHtXqEcrGEIDm+jqIwFa2fRXNgQEwrxaYuIrX0WcAguTA==",
      "requires": {
        "dot-case": "^3.0.3",
        "tslib": "^1.10.0"
      },
      "dependencies": {
        "tslib": {
          "version": "1.14.1",
          "resolved": "https://registry.npmjs.org/tslib/-/tslib-1.14.1.tgz",
          "integrity": "sha512-Xni35NKzjgMrwevysHTCArtLDpPvye8zV/0E4EyYn43P7/7qvQwPh9BGkHewbMulVntbigmcT7rdX3BNo9wRJg=="
        }
      }
    },
    "pascal-case": {
      "version": "3.1.1",
      "resolved": "https://registry.npmjs.org/pascal-case/-/pascal-case-3.1.1.tgz",
      "integrity": "sha512-XIeHKqIrsquVTQL2crjq3NfJUxmdLasn3TYOU0VBM+UX2a6ztAWBlJQBePLGY7VHW8+2dRadeIPK5+KImwTxQA==",
      "requires": {
        "no-case": "^3.0.3",
        "tslib": "^1.10.0"
      },
      "dependencies": {
        "tslib": {
          "version": "1.14.1",
          "resolved": "https://registry.npmjs.org/tslib/-/tslib-1.14.1.tgz",
          "integrity": "sha512-Xni35NKzjgMrwevysHTCArtLDpPvye8zV/0E4EyYn43P7/7qvQwPh9BGkHewbMulVntbigmcT7rdX3BNo9wRJg=="
        }
      }
    },
    "resolve-from": {
      "version": "5.0.0",
      "resolved": "https://registry.npmjs.org/resolve-from/-/resolve-from-5.0.0.tgz",
      "integrity": "sha512-qYg9KP24dD5qka9J47d0aVky0N+b4fTU89LN9iDnjB5waksiC49rvMB0PrUJQGoTmH50XPiqOvAjDfaijGxYZw=="
    },
    "tslib": {
      "version": "2.0.3",
      "resolved": "https://registry.npmjs.org/tslib/-/tslib-2.0.3.tgz",
      "integrity": "sha512-uZtkfKblCEQtZKBF6EBXVZeQNl82yqtDQdv+eck8u7tdPxjLu2/lp5/uPW+um2tpuxINHWy3GhiccY7QgEaVHQ=="
    },
    "typescript": {
      "version": "4.1.5",
      "resolved": "https://registry.npmjs.org/typescript/-/typescript-4.1.5.tgz",
      "integrity": "sha512-6OSu9PTIzmn9TCDiovULTnET6BgXtDYL4Gg4szY+cGsc3JP1dQL8qvE8kShTRx1NIw4Q9IBHlwODjkjWEtMUyA==",
      "dev": true
    },
    "upper-case": {
      "version": "2.0.1",
      "resolved": "https://registry.npmjs.org/upper-case/-/upper-case-2.0.1.tgz",
      "integrity": "sha512-laAsbea9SY5osxrv7S99vH9xAaJKrw5Qpdh4ENRLcaxipjKsiaBwiAsxfa8X5mObKNTQPsupSq0J/VIxsSJe3A==",
      "requires": {
        "tslib": "^1.10.0"
      },
      "dependencies": {
        "tslib": {
          "version": "1.14.1",
          "resolved": "https://registry.npmjs.org/tslib/-/tslib-1.14.1.tgz",
          "integrity": "sha512-Xni35NKzjgMrwevysHTCArtLDpPvye8zV/0E4EyYn43P7/7qvQwPh9BGkHewbMulVntbigmcT7rdX3BNo9wRJg=="
        }
      }
    }
  }
}
